
Microsoft Visual Studio Solution File, Format Version 12.00
# Visual Studio 2012
Project("{FAE04EC0-301F-11D3-BF4B-00C04F79EFBC}") = "Mef.Demo.Contracts", "Mef.Demo.Contracts\Mef.Demo.Contracts.csproj", "{DC0BF8B1-3F01-4F9D-9C70-2E7E766FA3DF}"
EndProject
Project("{FAE04EC0-301F-11D3-BF4B-00C04F79EFBC}") = "MefDemo.Common", "MefDemo.Common\MefDemo.Common.csproj", "{A472E286-5139-4621-9D45-C5734A3D10A9}"
EndProject
Project("{FAE04EC0-301F-11D3-BF4B-00C04F79EFBC}") = "MefDemo.Plugin1", "MefDemo.Plugin1\MefDemo.Plugin1.csproj", "{9BAFEEBC-B255-4FF6-88F4-70B81F2B27A2}"
EndProject
Project("{FAE04EC0-301F-11D3-BF4B-00C04F79EFBC}") = "MefDemo.Plugin2", "MefDemo.Plugin2\MefDemo.Plugin2.csproj", "{B3E7EA86-1B2B-4967-BF1C-5E993F81A59F}"
EndProject
Project("{FAE04EC0-301F-11D3-BF4B-00C04F79EFBC}") = "ConsoleClient", "ConsoleClient\ConsoleClient.csproj", "{C498A7ED-5AE9-4892-B58E-556728D952A1}"
EndProject
Global
	GlobalSection(SolutionConfigurationPlatforms) = preSolution
		Debug|Any CPU = Debug|Any CPU
		Release|Any CPU = Release|Any CPU
	EndGlobalSection
	GlobalSection(ProjectConfigurationPlatforms) = postSolution
		{DC0BF8B1-3F01-4F9D-9C70-2E7E766FA3DF}.Debug|Any CPU.ActiveCfg = Debug|Any CPU
		{DC0BF8B1-3F01-4F9D-9C70-2E7E766FA3DF}.Debug|Any CPU.Build.0 = Debug|Any CPU
		{DC0BF8B1-3F01-4F9D-9C70-2E7E766FA3DF}.Release|Any CPU.ActiveCfg = Release|Any CPU
		{DC0BF8B1-3F01-4F9D-9C70-2E7E766FA3DF}.Release|Any CPU.Build.0 = Release|Any CPU
		{A472E286-5139-4621-9D45-C5734A3D10A9}.Debug|Any CPU.ActiveCfg = Debug|Any CPU
		{A472E286-5139-4621-9D45-C5734A3D10A9}.Debug|Any CPU.Build.0 = Debug|Any CPU
		{A472E286-5139-4621-9D45-C5734A3D10A9}.Release|Any CPU.ActiveCfg = Release|Any CPU
		{A472E286-5139-4621-9D45-C5734A3D10A9}.Release|Any CPU.Build.0 = Release|Any CPU
		{9BAFEEBC-B255-4FF6-88F4-70B81F2B27A2}.Debug|Any CPU.ActiveCfg = Debug|Any CPU
		{9BAFEEBC-B255-4FF6-88F4-70B81F2B27A2}.Debug|Any CPU.Build.0 = Debug|Any CPU
		{9BAFEEBC-B255-4FF6-88F4-70B81F2B27A2}.Release|Any CPU.ActiveCfg = Release|Any CPU
		{9BAFEEBC-B255-4FF6-88F4-70B81F2B27A2}.Release|Any CPU.Build.0 = Release|Any CPU
		{B3E7EA86-1B2B-4967-BF1C-5E993F81A59F}.Debug|Any CPU.ActiveCfg = Debug|Any CPU
		{B3E7EA86-1B2B-4967-BF1C-5E993F81A59F}.Debug|Any CPU.Build.0 = Debug|Any CPU
		{B3E7EA86-1B2B-4967-BF1C-5E993F81A59F}.Release|Any CPU.ActiveCfg = Release|Any CPU
		{B3E7EA86-1B2B-4967-BF1C-5E993F81A59F}.Release|Any CPU.Build.0 = Release|Any CPU
		{C498A7ED-5AE9-4892-B58E-556728D952A1}.Debug|Any CPU.ActiveCfg = Debug|Any CPU
		{C498A7ED-5AE9-4892-B58E-556728D952A1}.Debug|Any CPU.Build.0 = Debug|Any CPU
		{C498A7ED-5AE9-4892-B58E-556728D952A1}.Release|Any CPU.ActiveCfg = Release|Any CPU
		{C498A7ED-5AE9-4892-B58E-556728D952A1}.Release|Any CPU.Build.0 = Release|Any CPU
	EndGlobalSection
	GlobalSection(SolutionProperties) = preSolution
		HideSolutionNode = FALSE
	EndGlobalSection
EndGlobal
